
Microsoft Visual Studio Solution File, Format Version 12.00
# Visual Studio Version 16
VisualStudioVersion = 16.0.30104.148
MinimumVisualStudioVersion = 10.0.40219.1
Project("{8BC9CEB8-8B4A-11D0-8D11-00A0C91BC942}") = "ShareDataDll", "ShareDataDll\ShareDataDll.vcxproj", "{DED80697-A4D8-45D0-8397-47D2AAE8F16F}"
EndProject
Project("{8BC9CEB8-8B4A-11D0-8D11-00A0C91BC942}") = "ShareAppOne", "ShareAppOne\ShareAppOne.vcxproj", "{8EEBE047-2672-4DFC-A010-04BFE2512765}"
EndProject
Project("{8BC9CEB8-8B4A-11D0-8D11-00A0C91BC942}") = "ShareAppTwo", "ShareAppTwo\ShareAppTwo.vcxproj", "{16DBD71E-9AA2-4288-AF8A-51DE0711D2EB}"
EndProject
Global
	GlobalSection(SolutionConfigurationPlatforms) = preSolution
		Debug|x64 = Debug|x64
		Debug|x86 = Debug|x86
		Release|x64 = Release|x64
		Release|x86 = Release|x86
	EndGlobalSection
	GlobalSection(ProjectConfigurationPlatforms) = postSolution
		{DED80697-A4D8-45D0-8397-47D2AAE8F16F}.Debug|x64.ActiveCfg = Debug|x64
		{DED80697-A4D8-45D0-8397-47D2AAE8F16F}.Debug|x64.Build.0 = Debug|x64
		{DED80697-A4D8-45D0-8397-47D2AAE8F16F}.Debug|x86.ActiveCfg = Debug|Win32
		{DED80697-A4D8-45D0-8397-47D2AAE8F16F}.Debug|x86.Build.0 = Debug|Win32
		{DED80697-A4D8-45D0-8397-47D2AAE8F16F}.Release|x64.ActiveCfg = Release|x64
		{DED80697-A4D8-45D0-8397-47D2AAE8F16F}.Release|x64.Build.0 = Release|x64
		{DED80697-A4D8-45D0-8397-47D2AAE8F16F}.Release|x86.ActiveCfg = Release|Win32
		{DED80697-A4D8-45D0-8397-47D2AAE8F16F}.Release|x86.Build.0 = Release|Win32
		{8EEBE047-2672-4DFC-A010-04BFE2512765}.Debug|x64.ActiveCfg = Debug|x64
		{8EEBE047-2672-4DFC-A010-04BFE2512765}.Debug|x64.Build.0 = Debug|x64
		{8EEBE047-2672-4DFC-A010-04BFE2512765}.Debug|x86.ActiveCfg = Debug|Win32
		{8EEBE047-2672-4DFC-A010-04BFE2512765}.Debug|x86.Build.0 = Debug|Win32
		{8EEBE047-2672-4DFC-A010-04BFE2512765}.Release|x64.ActiveCfg = Release|x64
		{8EEBE047-2672-4DFC-A010-04BFE2512765}.Release|x64.Build.0 = Release|x64
		{8EEBE047-2672-4DFC-A010-04BFE2512765}.Release|x86.ActiveCfg = Release|Win32
		{8EEBE047-2672-4DFC-A010-04BFE2512765}.Release|x86.Build.0 = Release|Win32
		{16DBD71E-9AA2-4288-AF8A-51DE0711D2EB}.Debug|x64.ActiveCfg = Debug|x64
		{16DBD71E-9AA2-4288-AF8A-51DE0711D2EB}.Debug|x64.Build.0 = Debug|x64
		{16DBD71E-9AA2-4288-AF8A-51DE0711D2EB}.Debug|x86.ActiveCfg = Debug|Win32
		{16DBD71E-9AA2-4288-AF8A-51DE0711D2EB}.Debug|x86.Build.0 = Debug|Win32
		{16DBD71E-9AA2-4288-AF8A-51DE0711D2EB}.Release|x64.ActiveCfg = Release|x64
		{16DBD71E-9AA2-4288-AF8A-51DE0711D2EB}.Release|x64.Build.0 = Release|x64
		{16DBD71E-9AA2-4288-AF8A-51DE0711D2EB}.Release|x86.ActiveCfg = Release|Win32
		{16DBD71E-9AA2-4288-AF8A-51DE0711D2EB}.Release|x86.Build.0 = Release|Win32
	EndGlobalSection
	GlobalSection(SolutionProperties) = preSolution
		HideSolutionNode = FALSE
	EndGlobalSection
	GlobalSection(ExtensibilityGlobals) = postSolution
		SolutionGuid = {19DED066-9B42-474A-93B1-B5A15622EFB5}
	EndGlobalSection
EndGlobal
